Microsoft Visual Studio Solution File, Format Version 12.00
# Visual Studio Version 17
VisualStudioVersion = 17.5.2.0
MinimumVisualStudioVersion = 10.0.40219.1
Project("{FAE04EC0-301F-11D3-BF4B-00C04F79EFBC}") = "StudentBadge", "StudentBadge.csproj", "{D439DBC7-3B4F-C798-D2AD-069E2C0114BC}"
EndProject
Global
	GlobalSection(SolutionConfigurationPlatforms) = preSolution
		Debug|Any CPU = Debug|Any CPU
		Release|Any CPU = Release|Any CPU
	EndGlobalSection
	GlobalSection(ProjectConfigurationPlatforms) = postSolution
		{D439DBC7-3B4F-C798-D2AD-069E2C0114BC}.Debug|Any CPU.ActiveCfg = Debug|Any CPU
		{D439DBC7-3B4F-C798-D2AD-069E2C0114BC}.Debug|Any CPU.Build.0 = Debug|Any CPU
		{D439DBC7-3B4F-C798-D2AD-069E2C0114BC}.Release|Any CPU.ActiveCfg = Release|Any CPU
		{D439DBC7-3B4F-C798-D2AD-069E2C0114BC}.Release|Any CPU.Build.0 = Release|Any CPU
	EndGlobalSection
	GlobalSection(SolutionProperties) = preSolution
		HideSolutionNode = FALSE
	EndGlobalSection
	GlobalSection(ExtensibilityGlobals) = postSolution
		SolutionGuid = {F008F2C9-7C94-46FA-B057-4FBDC0C61F4D}
	EndGlobalSection
EndGlobal
